
Microsoft Visual Studio Solution File, Format Version 12.00
# Visual Studio Version 17
VisualStudioVersion = 17.8.34525.116
MinimumVisualStudioVersion = 10.0.40219.1
Project("{FAE04EC0-301F-11D3-BF4B-00C04F79EFBC}") = "BlazorAppTest", "BlazorAppTest\BlazorAppTest\BlazorAppTest.csproj", "{34A6D835-4586-45C1-966A-945F401A1DBD}"
EndProject
Project("{FAE04EC0-301F-11D3-BF4B-00C04F79EFBC}") = "BlazorAppTest.Client", "BlazorAppTest\BlazorAppTest.Client\BlazorAppTest.Client.csproj", "{34637A38-6071-412E-97DC-51A273B838FE}"
EndProject
Global
	GlobalSection(SolutionConfigurationPlatforms) = preSolution
		Debug|Any CPU = Debug|Any CPU
		Release|Any CPU = Release|Any CPU
	EndGlobalSection
	GlobalSection(ProjectConfigurationPlatforms) = postSolution
		{34A6D835-4586-45C1-966A-945F401A1DBD}.Debug|Any CPU.ActiveCfg = Debug|Any CPU
		{34A6D835-4586-45C1-966A-945F401A1DBD}.Debug|Any CPU.Build.0 = Debug|Any CPU
		{34A6D835-4586-45C1-966A-945F401A1DBD}.Release|Any CPU.ActiveCfg = Release|Any CPU
		{34A6D835-4586-45C1-966A-945F401A1DBD}.Release|Any CPU.Build.0 = Release|Any CPU
		{34637A38-6071-412E-97DC-51A273B838FE}.Debug|Any CPU.ActiveCfg = Debug|Any CPU
		{34637A38-6071-412E-97DC-51A273B838FE}.Debug|Any CPU.Build.0 = Debug|Any CPU
		{34637A38-6071-412E-97DC-51A273B838FE}.Release|Any CPU.ActiveCfg = Release|Any CPU
		{34637A38-6071-412E-97DC-51A273B838FE}.Release|Any CPU.Build.0 = Release|Any CPU
	EndGlobalSection
	GlobalSection(SolutionProperties) = preSolution
		HideSolutionNode = FALSE
	EndGlobalSection
	GlobalSection(ExtensibilityGlobals) = postSolution
		SolutionGuid = {AB5CEA92-A00A-44F6-932A-4708519DB62D}
	EndGlobalSection
EndGlobal
